// !$*UTF8*$!
{
	archiveVersion = 1;
	classes = {
	};
	objectVersion = 46;
	objects = {

/* Begin PBXBuildFile section */
		CD0E9A86140A9C83003553AB /* PagedOrthoScrollView.m in Sources */ = {isa = PBXBuildFile; fileRef = CD0E9A85140A9C83003553AB /* PagedOrthoScrollView.m */; };
		CD252EFB13C71DB9002A0AEB /* UIKit.framework in Frameworks */ = {isa = PBXBuildFile; fileRef = CD252EFA13C71DB9002A0AEB /* UIKit.framework */; };
		CD252EFD13C71DB9002A0AEB /* Foundation.framework in Frameworks */ = {isa = PBXBuildFile; fileRef = CD252EFC13C71DB9002A0AEB /* Foundation.framework */; };
		CD252EFF13C71DB9002A0AEB /* CoreGraphics.framework in Frameworks */ = {isa = PBXBuildFile; fileRef = CD252EFE13C71DB9002A0AEB /* CoreGraphics.framework */; };
		CD252F0513C71DB9002A0AEB /* InfoPlist.strings in Resources */ = {isa = PBXBuildFile; fileRef = CD252F0313C71DB9002A0AEB /* InfoPlist.strings */; };
		CD252F0813C71DB9002A0AEB /* main.m in Sources */ = {isa = PBXBuildFile; fileRef = CD252F0713C71DB9002A0AEB /* main.m */; };
		CD252F0B13C71DB9002A0AEB /* IOSMiscAppDelegate.m in Sources */ = {isa = PBXBuildFile; fileRef = CD252F0A13C71DB9002A0AEB /* IOSMiscAppDelegate.m */; };
		CD764EAE13D31C2C00204E49 /* NSString+digest.m in Sources */ = {isa = PBXBuildFile; fileRef = CD764E6E13D31C2C00204E49 /* NSString+digest.m */; };
		CD764EB013D31C2C00204E49 /* CoreTextLabel.m in Sources */ = {isa = PBXBuildFile; fileRef = CD764E7213D31C2C00204E49 /* CoreTextLabel.m */; };
		CD764EB213D31C2C00204E49 /* CoreTextLabelTestView.m in Sources */ = {isa = PBXBuildFile; fileRef = CD764E7513D31C2C00204E49 /* CoreTextLabelTestView.m */; };
		CD764EB413D31C2C00204E49 /* GradientLabel.m in Sources */ = {isa = PBXBuildFile; fileRef = CD764E7913D31C2C00204E49 /* GradientLabel.m */; };
		CD764EB613D31C2C00204E49 /* GradientLabelTest.m in Sources */ = {isa = PBXBuildFile; fileRef = CD764E7C13D31C2C00204E49 /* GradientLabelTest.m */; };
		CD764EB713D31C2C00204E49 /* GradientLabelTestView.m in Sources */ = {isa = PBXBuildFile; fileRef = CD764E7E13D31C2C00204E49 /* GradientLabelTestView.m */; };
		CD764EB913D31C2C00204E49 /* OptionsTableViewController.m in Sources */ = {isa = PBXBuildFile; fileRef = CD764E8213D31C2C00204E49 /* OptionsTableViewController.m */; };
		CD764EBD13D31C2C00204E49 /* SectionsViewController.m in Sources */ = {isa = PBXBuildFile; fileRef = CD764E8813D31C2C00204E49 /* SectionsViewController.m */; };
		CD764EBF13D31C2C00204E49 /* SectionsViewControllerTest.m in Sources */ = {isa = PBXBuildFile; fileRef = CD764E8B13D31C2C00204E49 /* SectionsViewControllerTest.m */; };
		CD764EC013D31C2C00204E49 /* RatingSlider.m in Sources */ = {isa = PBXBuildFile; fileRef = CD764E8E13D31C2C00204E49 /* RatingSlider.m */; };
		CD764EC213D31C2C00204E49 /* RatingSliderTestView.m in Sources */ = {isa = PBXBuildFile; fileRef = CD764E9113D31C2C00204E49 /* RatingSliderTestView.m */; };
		CD764ECD13D31C2C00204E49 /* ObservableHTTPRequest.m in Sources */ = {isa = PBXBuildFile; fileRef = CD764E9E13D31C2C00204E49 /* ObservableHTTPRequest.m */; };
		CD764ECE13D31C2C00204E49 /* ObservableHTTPRequestTest.m in Sources */ = {isa = PBXBuildFile; fileRef = CD764EA013D31C2C00204E49 /* ObservableHTTPRequestTest.m */; };
		CD764ED013D31C2C00204E49 /* AudioPlayer.m in Sources */ = {isa = PBXBuildFile; fileRef = CD764EA413D31C2C00204E49 /* AudioPlayer.m */; };
		CD764ED113D31C2C00204E49 /* AudioPlayerTest.m in Sources */ = {isa = PBXBuildFile; fileRef = CD764EA613D31C2C00204E49 /* AudioPlayerTest.m */; };
		CD764ED313D31C2C00204E49 /* Array2D.m in Sources */ = {isa = PBXBuildFile; fileRef = CD764EAA13D31C2C00204E49 /* Array2D.m */; };
		CD764ED413D31C2C00204E49 /* Array2DTest.m in Sources */ = {isa = PBXBuildFile; fileRef = CD764EAC13D31C2C00204E49 /* Array2DTest.m */; };
		CD764ED813D31CDD00204E49 /* CoreText.framework in Frameworks */ = {isa = PBXBuildFile; fileRef = CD764ED713D31CDD00204E49 /* CoreText.framework */; };
		CD764EE213D31DB500204E49 /* AVFoundation.framework in Frameworks */ = {isa = PBXBuildFile; fileRef = CD764EE113D31DB500204E49 /* AVFoundation.framework */; };
		CD764EE513D33C9300204E49 /* IOSMiscSections.m in Sources */ = {isa = PBXBuildFile; fileRef = CD764EE413D33C9300204E49 /* IOSMiscSections.m */; };
		CD764EEC13D349F000204E49 /* stars-half@2x.png in Resources */ = {isa = PBXBuildFile; fileRef = CD764EE613D349F000204E49 /* stars-half@2x.png */; };
		CD764EED13D349F000204E49 /* stars-half.png in Resources */ = {isa = PBXBuildFile; fileRef = CD764EE713D349F000204E49 /* stars-half.png */; };
		CD764EEE13D349F000204E49 /* stars-full@2x.png in Resources */ = {isa = PBXBuildFile; fileRef = CD764EE813D349F000204E49 /* stars-full@2x.png */; };
		CD764EEF13D349F000204E49 /* stars-full.png in Resources */ = {isa = PBXBuildFile; fileRef = CD764EE913D349F000204E49 /* stars-full.png */; };
		CD764EF013D349F000204E49 /* stars-empty@2x.png in Resources */ = {isa = PBXBuildFile; fileRef = CD764EEA13D349F000204E49 /* stars-empty@2x.png */; };
		CD764EF113D349F000204E49 /* stars-empty.png in Resources */ = {isa = PBXBuildFile; fileRef = CD764EEB13D349F000204E49 /* stars-empty.png */; };
		CD764EF413D34B1B00204E49 /* IOSMiscDemoController.m in Sources */ = {isa = PBXBuildFile; fileRef = CD764EF313D34B1B00204E49 /* IOSMiscDemoController.m */; };
		CD7B482313F2E80500D7D678 /* WebNavigationViewController.m in Sources */ = {isa = PBXBuildFile; fileRef = CD7B482213F2E80500D7D678 /* WebNavigationViewController.m */; };
		CD7B482513F2E89800D7D678 /* test1.html in Resources */ = {isa = PBXBuildFile; fileRef = CD7B482413F2E89800D7D678 /* test1.html */; };
		CD7B482713F2E8CE00D7D678 /* test2.html in Resources */ = {isa = PBXBuildFile; fileRef = CD7B482613F2E8CE00D7D678 /* test2.html */; };
		CD8BEE2E13DADF90002FC2F9 /* NSString+colorValue.m in Sources */ = {isa = PBXBuildFile; fileRef = CD8BEE2D13DADF90002FC2F9 /* NSString+colorValue.m */; };
		CD8BEE5913DAE48A002FC2F9 /* UIKit.framework in Frameworks */ = {isa = PBXBuildFile; fileRef = CD252EFA13C71DB9002A0AEB /* UIKit.framework */; };
		CD8BEE5A13DAE48A002FC2F9 /* Foundation.framework in Frameworks */ = {isa = PBXBuildFile; fileRef = CD252EFC13C71DB9002A0AEB /* Foundation.framework */; };
		CD8BEE5B13DAE48A002FC2F9 /* CoreGraphics.framework in Frameworks */ = {isa = PBXBuildFile; fileRef = CD252EFE13C71DB9002A0AEB /* CoreGraphics.framework */; };
		CD8BEE6D13DAE558002FC2F9 /* NSString+colorValueTest.m in Sources */ = {isa = PBXBuildFile; fileRef = CD8BEE6B13DAE541002FC2F9 /* NSString+colorValueTest.m */; };
		CD8BEE6E13DAE631002FC2F9 /* NSString+colorValue.m in Sources */ = {isa = PBXBuildFile; fileRef = CD8BEE2D13DADF90002FC2F9 /* NSString+colorValue.m */; };
		CD8BEE7113DAE72C002FC2F9 /* NSString+digestTest.m in Sources */ = {isa = PBXBuildFile; fileRef = CD8BEE7013DAE72C002FC2F9 /* NSString+digestTest.m */; };
		CD9B4A65140BAF4D0080AB96 /* PagedOrthoScrollViewTest.m in Sources */ = {isa = PBXBuildFile; fileRef = CD9B4A64140BAF4D0080AB96 /* PagedOrthoScrollViewTest.m */; };
		CD9DC2C713F1884400B9E7EF /* NSString+digest.m in Sources */ = {isa = PBXBuildFile; fileRef = CD764E6E13D31C2C00204E49 /* NSString+digest.m */; };
		CDDFF35A1450627A001F59EE /* NSObject+performSelectorWithArgsArray.m in Sources */ = {isa = PBXBuildFile; fileRef = CDDFF3591450627A001F59EE /* NSObject+performSelectorWithArgsArray.m */; };
		CDDFF35B1450627A001F59EE /* NSObject+performSelectorWithArgsArray.m in Sources */ = {isa = PBXBuildFile; fileRef = CDDFF3591450627A001F59EE /* NSObject+performSelectorWithArgsArray.m */; };
		CDDFF35E145062DE001F59EE /* NSObject+performSelectorWithArgsArrayTest.m in Sources */ = {isa = PBXBuildFile; fileRef = CDDFF35D145062DE001F59EE /* NSObject+performSelectorWithArgsArrayTest.m */; };
		CDDFF36314542C22001F59EE /* QuartzCore.framework in Frameworks */ = {isa = PBXBuildFile; fileRef = CDDFF36214542C22001F59EE /* QuartzCore.framework */; };
		CDF4AD5E13F1A10800729A97 /* UIColor+hexString.m in Sources */ = {isa = PBXBuildFile; fileRef = CDF4AD5B13F1A10800729A97 /* UIColor+hexString.m */; };
		CDF4AD6013F1A10E00729A97 /* UIColor+hexString.m in Sources */ = {isa = PBXBuildFile; fileRef = CDF4AD5B13F1A10800729A97 /* UIColor+hexString.m */; };
		CDF4AD6113F1A11100729A97 /* UIColor+hexStringTest.m in Sources */ = {isa = PBXBuildFile; fileRef = CDF4AD5D13F1A10800729A97 /* UIColor+hexStringTest.m */; };
		CDF4AD6D13F29F6900729A97 /* NSArray+random.m in Sources */ = {isa = PBXBuildFile; fileRef = CDF4AD6413F29F6800729A97 /* NSArray+random.m */; };
/* End PBXBuildFile section */

/* Begin PBXFileReference section */
		CD0E9A84140A9C83003553AB /* PagedOrthoScrollView.h */ = {isa = PBXFileReference; fileEncoding = 4; lastKnownFileType = sourcecode.c.h; path = PagedOrthoScrollView.h; sourceTree = "<group>"; };
		CD0E9A85140A9C83003553AB /* PagedOrthoScrollView.m */ = {isa = PBXFileReference; fileEncoding = 4; lastKnownFileType = sourcecode.c.objc; path = PagedOrthoScrollView.m; sourceTree = "<group>"; };
		CD252EF613C71DB9002A0AEB /* IOSMisc.app */ = {isa = PBXFileReference; explicitFileType = wrapper.application; includeInIndex = 0; path = IOSMisc.app; sourceTree = BUILT_PRODUCTS_DIR; };
		CD252EFA13C71DB9002A0AEB /* UIKit.framework */ = {isa = PBXFileReference; lastKnownFileType = wrapper.framework; name = UIKit.framework; path = System/Library/Frameworks/UIKit.framework; sourceTree = SDKROOT; };
		CD252EFC13C71DB9002A0AEB /* Foundation.framework */ = {isa = PBXFileReference; lastKnownFileType = wrapper.framework; name = Foundation.framework; path = System/Library/Frameworks/Foundation.framework; sourceTree = SDKROOT; };
		CD252EFE13C71DB9002A0AEB /* CoreGraphics.framework */ = {isa = PBXFileReference; lastKnownFileType = wrapper.framework; name = CoreGraphics.framework; path = System/Library/Frameworks/CoreGraphics.framework; sourceTree = SDKROOT; };
		CD252F0213C71DB9002A0AEB /* IOSMisc-Info.plist */ = {isa = PBXFileReference; lastKnownFileType = text.plist.xml; path = "IOSMisc-Info.plist"; sourceTree = "<group>"; };
		CD252F0413C71DB9002A0AEB /* en */ = {isa = PBXFileReference; lastKnownFileType = text.plist.strings; name = en; path = en.lproj/InfoPlist.strings; sourceTree = "<group>"; };
		CD252F0613C71DB9002A0AEB /* IOSMisc-Prefix.pch */ = {isa = PBXFileReference; lastKnownFileType = sourcecode.c.h; path = "IOSMisc-Prefix.pch"; sourceTree = "<group>"; };
		CD252F0713C71DB9002A0AEB /* main.m */ = {isa = PBXFileReference; lastKnownFileType = sourcecode.c.objc; path = main.m; sourceTree = "<group>"; };
		CD252F0913C71DB9002A0AEB /* IOSMiscAppDelegate.h */ = {isa = PBXFileReference; lastKnownFileType = sourcecode.c.h; path = IOSMiscAppDelegate.h; sourceTree = "<group>"; };
		CD252F0A13C71DB9002A0AEB /* IOSMiscAppDelegate.m */ = {isa = PBXFileReference; lastKnownFileType = sourcecode.c.objc; path = IOSMiscAppDelegate.m; sourceTree = "<group>"; };
		CD764E6D13D31C2C00204E49 /* NSString+digest.h */ = {isa = PBXFileReference; fileEncoding = 4; lastKnownFileType = sourcecode.c.h; path = "NSString+digest.h"; sourceTree = "<group>"; };
		CD764E6E13D31C2C00204E49 /* NSString+digest.m */ = {isa = PBXFileReference; fileEncoding = 4; lastKnownFileType = sourcecode.c.objc; path = "NSString+digest.m"; sourceTree = "<group>"; };
		CD764E7113D31C2C00204E49 /* CoreTextLabel.h */ = {isa = PBXFileReference; fileEncoding = 4; lastKnownFileType = sourcecode.c.h; path = CoreTextLabel.h; sourceTree = "<group>"; };
		CD764E7213D31C2C00204E49 /* CoreTextLabel.m */ = {isa = PBXFileReference; fileEncoding = 4; lastKnownFileType = sourcecode.c.objc; path = CoreTextLabel.m; sourceTree = "<group>"; };
		CD764E7413D31C2C00204E49 /* CoreTextLabelTestView.h */ = {isa = PBXFileReference; fileEncoding = 4; lastKnownFileType = sourcecode.c.h; path = CoreTextLabelTestView.h; sourceTree = "<group>"; };
		CD764E7513D31C2C00204E49 /* CoreTextLabelTestView.m */ = {isa = PBXFileReference; fileEncoding = 4; lastKnownFileType = sourcecode.c.objc; path = CoreTextLabelTestView.m; sourceTree = "<group>"; };
		CD764E7813D31C2C00204E49 /* GradientLabel.h */ = {isa = PBXFileReference; fileEncoding = 4; lastKnownFileType = sourcecode.c.h; path = GradientLabel.h; sourceTree = "<group>"; };
		CD764E7913D31C2C00204E49 /* GradientLabel.m */ = {isa = PBXFileReference; fileEncoding = 4; lastKnownFileType = sourcecode.c.objc; path = GradientLabel.m; sourceTree = "<group>"; };
		CD764E7B13D31C2C00204E49 /* GradientLabelTest.h */ = {isa = PBXFileReference; fileEncoding = 4; lastKnownFileType = sourcecode.c.h; path = GradientLabelTest.h; sourceTree = "<group>"; };
		CD764E7C13D31C2C00204E49 /* GradientLabelTest.m */ = {isa = PBXFileReference; fileEncoding = 4; lastKnownFileType = sourcecode.c.objc; path = GradientLabelTest.m; sourceTree = "<group>"; };
		CD764E7D13D31C2C00204E49 /* GradientLabelTestView.h */ = {isa = PBXFileReference; fileEncoding = 4; lastKnownFileType = sourcecode.c.h; path = GradientLabelTestView.h; sourceTree = "<group>"; };
		CD764E7E13D31C2C00204E49 /* GradientLabelTestView.m */ = {isa = PBXFileReference; fileEncoding = 4; lastKnownFileType = sourcecode.c.objc; path = GradientLabelTestView.m; sourceTree = "<group>"; };
		CD764E8113D31C2C00204E49 /* OptionsTableViewController.h */ = {isa = PBXFileReference; fileEncoding = 4; lastKnownFileType = sourcecode.c.h; path = OptionsTableViewController.h; sourceTree = "<group>"; };
		CD764E8213D31C2C00204E49 /* OptionsTableViewController.m */ = {isa = PBXFileReference; fileEncoding = 4; lastKnownFileType = sourcecode.c.objc; path = OptionsTableViewController.m; sourceTree = "<group>"; };
		CD764E8713D31C2C00204E49 /* SectionsViewController.h */ = {isa = PBXFileReference; fileEncoding = 4; lastKnownFileType = sourcecode.c.h; path = SectionsViewController.h; sourceTree = "<group>"; };
		CD764E8813D31C2C00204E49 /* SectionsViewController.m */ = {isa = PBXFileReference; fileEncoding = 4; lastKnownFileType = sourcecode.c.objc; path = SectionsViewController.m; sourceTree = "<group>"; };
		CD764E8A13D31C2C00204E49 /* SectionsViewControllerTest.h */ = {isa = PBXFileReference; fileEncoding = 4; lastKnownFileType = sourcecode.c.h; path = SectionsViewControllerTest.h; sourceTree = "<group>"; };
		CD764E8B13D31C2C00204E49 /* SectionsViewControllerTest.m */ = {isa = PBXFileReference; fileEncoding = 4; lastKnownFileType = sourcecode.c.objc; path = SectionsViewControllerTest.m; sourceTree = "<group>"; };
		CD764E8D13D31C2C00204E49 /* RatingSlider.h */ = {isa = PBXFileReference; fileEncoding = 4; lastKnownFileType = sourcecode.c.h; path = RatingSlider.h; sourceTree = "<group>"; };
		CD764E8E13D31C2C00204E49 /* RatingSlider.m */ = {isa = PBXFileReference; fileEncoding = 4; lastKnownFileType = sourcecode.c.objc; path = RatingSlider.m; sourceTree = "<group>"; };
		CD764E9013D31C2C00204E49 /* RatingSliderTestView.h */ = {isa = PBXFileReference; fileEncoding = 4; lastKnownFileType = sourcecode.c.h; path = RatingSliderTestView.h; sourceTree = "<group>"; };
		CD764E9113D31C2C00204E49 /* RatingSliderTestView.m */ = {isa = PBXFileReference; fileEncoding = 4; lastKnownFileType = sourcecode.c.objc; path = RatingSliderTestView.m; sourceTree = "<group>"; };
		CD764E9D13D31C2C00204E49 /* ObservableHTTPRequest.h */ = {isa = PBXFileReference; fileEncoding = 4; lastKnownFileType = sourcecode.c.h; path = ObservableHTTPRequest.h; sourceTree = "<group>"; };
		CD764E9E13D31C2C00204E49 /* ObservableHTTPRequest.m */ = {isa = PBXFileReference; fileEncoding = 4; lastKnownFileType = sourcecode.c.objc; path = ObservableHTTPRequest.m; sourceTree = "<group>"; };
		CD764E9F13D31C2C00204E49 /* ObservableHTTPRequestTest.h */ = {isa = PBXFileReference; fileEncoding = 4; lastKnownFileType = sourcecode.c.h; path = ObservableHTTPRequestTest.h; sourceTree = "<group>"; };
		CD764EA013D31C2C00204E49 /* ObservableHTTPRequestTest.m */ = {isa = PBXFileReference; fileEncoding = 4; lastKnownFileType = sourcecode.c.objc; path = ObservableHTTPRequestTest.m; sourceTree = "<group>"; };
		CD764EA313D31C2C00204E49 /* AudioPlayer.h */ = {isa = PBXFileReference; fileEncoding = 4; lastKnownFileType = sourcecode.c.h; path = AudioPlayer.h; sourceTree = "<group>"; };
		CD764EA413D31C2C00204E49 /* AudioPlayer.m */ = {isa = PBXFileReference; fileEncoding = 4; lastKnownFileType = sourcecode.c.objc; path = AudioPlayer.m; sourceTree = "<group>"; };
		CD764EA513D31C2C00204E49 /* AudioPlayerTest.h */ = {isa = PBXFileReference; fileEncoding = 4; lastKnownFileType = sourcecode.c.h; path = AudioPlayerTest.h; sourceTree = "<group>"; };
		CD764EA613D31C2C00204E49 /* AudioPlayerTest.m */ = {isa = PBXFileReference; fileEncoding = 4; lastKnownFileType = sourcecode.c.objc; path = AudioPlayerTest.m; sourceTree = "<group>"; };
		CD764EA913D31C2C00204E49 /* Array2D.h */ = {isa = PBXFileReference; fileEncoding = 4; lastKnownFileType = sourcecode.c.h; path = Array2D.h; sourceTree = "<group>"; };
		CD764EAA13D31C2C00204E49 /* Array2D.m */ = {isa = PBXFileReference; fileEncoding = 4; lastKnownFileType = sourcecode.c.objc; path = Array2D.m; sourceTree = "<group>"; };
		CD764EAB13D31C2C00204E49 /* Array2DTest.h */ = {isa = PBXFileReference; fileEncoding = 4; lastKnownFileType = sourcecode.c.h; path = Array2DTest.h; sourceTree = "<group>"; };
		CD764EAC13D31C2C00204E49 /* Array2DTest.m */ = {isa = PBXFileReference; fileEncoding = 4; lastKnownFileType = sourcecode.c.objc; path = Array2DTest.m; sourceTree = "<group>"; };
		CD764ED713D31CDD00204E49 /* CoreText.framework */ = {isa = PBXFileReference; lastKnownFileType = wrapper.framework; name = CoreText.framework; path = System/Library/Frameworks/CoreText.framework; sourceTree = SDKROOT; };
		CD764EE113D31DB500204E49 /* AVFoundation.framework */ = {isa = PBXFileReference; lastKnownFileType = wrapper.framework; name = AVFoundation.framework; path = System/Library/Frameworks/AVFoundation.framework; sourceTree = SDKROOT; };
		CD764EE313D33C9300204E49 /* IOSMiscSections.h */ = {isa = PBXFileReference; fileEncoding = 4; lastKnownFileType = sourcecode.c.h; path = IOSMiscSections.h; sourceTree = "<group>"; };
		CD764EE413D33C9300204E49 /* IOSMiscSections.m */ = {isa = PBXFileReference; fileEncoding = 4; lastKnownFileType = sourcecode.c.objc; path = IOSMiscSections.m; sourceTree = "<group>"; };
		CD764EE613D349F000204E49 /* stars-half@2x.png */ = {isa = PBXFileReference; lastKnownFileType = image.png; path = "stars-half@2x.png"; sourceTree = "<group>"; };
		CD764EE713D349F000204E49 /* stars-half.png */ = {isa = PBXFileReference; lastKnownFileType = image.png; path = "stars-half.png"; sourceTree = "<group>"; };
		CD764EE813D349F000204E49 /* stars-full@2x.png */ = {isa = PBXFileReference; lastKnownFileType = image.png; path = "stars-full@2x.png"; sourceTree = "<group>"; };
		CD764EE913D349F000204E49 /* stars-full.png */ = {isa = PBXFileReference; lastKnownFileType = image.png; path = "stars-full.png"; sourceTree = "<group>"; };
		CD764EEA13D349F000204E49 /* stars-empty@2x.png */ = {isa = PBXFileReference; lastKnownFileType = image.png; path = "stars-empty@2x.png"; sourceTree = "<group>"; };
		CD764EEB13D349F000204E49 /* stars-empty.png */ = {isa = PBXFileReference; lastKnownFileType = image.png; path = "stars-empty.png"; sourceTree = "<group>"; };
		CD764EF213D34B1B00204E49 /* IOSMiscDemoController.h */ = {isa = PBXFileReference; fileEncoding = 4; lastKnownFileType = sourcecode.c.h; path = IOSMiscDemoController.h; sourceTree = "<group>"; };
		CD764EF313D34B1B00204E49 /* IOSMiscDemoController.m */ = {isa = PBXFileReference; fileEncoding = 4; lastKnownFileType = sourcecode.c.objc; path = IOSMiscDemoController.m; sourceTree = "<group>"; };
		CD7B482113F2E80500D7D678 /* WebNavigationViewController.h */ = {isa = PBXFileReference; fileEncoding = 4; lastKnownFileType = sourcecode.c.h; path = WebNavigationViewController.h; sourceTree = "<group>"; };
		CD7B482213F2E80500D7D678 /* WebNavigationViewController.m */ = {isa = PBXFileReference; fileEncoding = 4; lastKnownFileType = sourcecode.c.objc; path = WebNavigationViewController.m; sourceTree = "<group>"; };
		CD7B482413F2E89800D7D678 /* test1.html */ = {isa = PBXFileReference; fileEncoding = 4; lastKnownFileType = text.html; path = test1.html; sourceTree = "<group>"; };
		CD7B482613F2E8CE00D7D678 /* test2.html */ = {isa = PBXFileReference; fileEncoding = 4; lastKnownFileType = text.html; path = test2.html; sourceTree = "<group>"; };
		CD8BEE2C13DADF90002FC2F9 /* NSString+colorValue.h */ = {isa = PBXFileReference; fileEncoding = 4; lastKnownFileType = sourcecode.c.h; path = "NSString+colorValue.h"; sourceTree = "<group>"; };
		CD8BEE2D13DADF90002FC2F9 /* NSString+colorValue.m */ = {isa = PBXFileReference; fileEncoding = 4; lastKnownFileType = sourcecode.c.objc; path = "NSString+colorValue.m"; sourceTree = "<group>"; };
		CD8BEE5813DAE48A002FC2F9 /* IOSMiscTest.octest */ = {isa = PBXFileReference; explicitFileType = wrapper.cfbundle; includeInIndex = 0; path = IOSMiscTest.octest; sourceTree = BUILT_PRODUCTS_DIR; };
		CD8BEE6A13DAE541002FC2F9 /* NSString+colorValueTest.h */ = {isa = PBXFileReference; fileEncoding = 4; lastKnownFileType = sourcecode.c.h; path = "NSString+colorValueTest.h"; sourceTree = "<group>"; };
		CD8BEE6B13DAE541002FC2F9 /* NSString+colorValueTest.m */ = {isa = PBXFileReference; fileEncoding = 4; lastKnownFileType = sourcecode.c.objc; path = "NSString+colorValueTest.m"; sourceTree = "<group>"; };
		CD8BEE6F13DAE72C002FC2F9 /* NSString+digestTest.h */ = {isa = PBXFileReference; fileEncoding = 4; lastKnownFileType = sourcecode.c.h; path = "NSString+digestTest.h"; sourceTree = "<group>"; };
		CD8BEE7013DAE72C002FC2F9 /* NSString+digestTest.m */ = {isa = PBXFileReference; fileEncoding = 4; lastKnownFileType = sourcecode.c.objc; path = "NSString+digestTest.m"; sourceTree = "<group>"; };
		CD9B4A63140BAF4D0080AB96 /* PagedOrthoScrollViewTest.h */ = {isa = PBXFileReference; fileEncoding = 4; lastKnownFileType = sourcecode.c.h; path = PagedOrthoScrollViewTest.h; sourceTree = "<group>"; };
		CD9B4A64140BAF4D0080AB96 /* PagedOrthoScrollViewTest.m */ = {isa = PBXFileReference; fileEncoding = 4; lastKnownFileType = sourcecode.c.objc; path = PagedOrthoScrollViewTest.m; sourceTree = "<group>"; };
		CDDFF3581450627A001F59EE /* NSObject+performSelectorWithArgsArray.h */ = {isa = PBXFileReference; fileEncoding = 4; lastKnownFileType = sourcecode.c.h; path = "NSObject+performSelectorWithArgsArray.h"; sourceTree = "<group>"; };
		CDDFF3591450627A001F59EE /* NSObject+performSelectorWithArgsArray.m */ = {isa = PBXFileReference; fileEncoding = 4; lastKnownFileType = sourcecode.c.objc; path = "NSObject+performSelectorWithArgsArray.m"; sourceTree = "<group>"; };
		CDDFF35C145062DE001F59EE /* NSObject+performSelectorWithArgsArrayTest.h */ = {isa = PBXFileReference; fileEncoding = 4; lastKnownFileType = sourcecode.c.h; path = "NSObject+performSelectorWithArgsArrayTest.h"; sourceTree = "<group>"; };
		CDDFF35D145062DE001F59EE /* NSObject+performSelectorWithArgsArrayTest.m */ = {isa = PBXFileReference; fileEncoding = 4; lastKnownFileType = sourcecode.c.objc; path = "NSObject+performSelectorWithArgsArrayTest.m"; sourceTree = "<group>"; };
		CDDFF36214542C22001F59EE /* QuartzCore.framework */ = {isa = PBXFileReference; lastKnownFileType = wrapper.framework; name = QuartzCore.framework; path = System/Library/Frameworks/QuartzCore.framework; sourceTree = SDKROOT; };
		CDF4AD5A13F1A10800729A97 /* UIColor+hexString.h */ = {isa = PBXFileReference; fileEncoding = 4; lastKnownFileType = sourcecode.c.h; path = "UIColor+hexString.h"; sourceTree = "<group>"; };
		CDF4AD5B13F1A10800729A97 /* UIColor+hexString.m */ = {isa = PBXFileReference; fileEncoding = 4; lastKnownFileType = sourcecode.c.objc; path = "UIColor+hexString.m"; sourceTree = "<group>"; };
		CDF4AD5C13F1A10800729A97 /* UIColor+hexStringTest.h */ = {isa = PBXFileReference; fileEncoding = 4; lastKnownFileType = sourcecode.c.h; path = "UIColor+hexStringTest.h"; sourceTree = "<group>"; };
		CDF4AD5D13F1A10800729A97 /* UIColor+hexStringTest.m */ = {isa = PBXFileReference; fileEncoding = 4; lastKnownFileType = sourcecode.c.objc; path = "UIColor+hexStringTest.m"; sourceTree = "<group>"; };
		CDF4AD6313F29F6800729A97 /* NSArray+random.h */ = {isa = PBXFileReference; fileEncoding = 4; lastKnownFileType = sourcecode.c.h; path = "NSArray+random.h"; sourceTree = "<group>"; };
		CDF4AD6413F29F6800729A97 /* NSArray+random.m */ = {isa = PBXFileReference; fileEncoding = 4; lastKnownFileType = sourcecode.c.objc; path = "NSArray+random.m"; sourceTree = "<group>"; };
/* End PBXFileReference section */

/* Begin PBXFrameworksBuildPhase section */
		CD252EF313C71DB9002A0AEB /* Frameworks */ = {
			isa = PBXFrameworksBuildPhase;
			buildActionMask = 2147483647;
			files = (
				CDDFF36314542C22001F59EE /* QuartzCore.framework in Frameworks */,
				CD764EE213D31DB500204E49 /* AVFoundation.framework in Frameworks */,
				CD764ED813D31CDD00204E49 /* CoreText.framework in Frameworks */,
				CD252EFB13C71DB9002A0AEB /* UIKit.framework in Frameworks */,
				CD252EFD13C71DB9002A0AEB /* Foundation.framework in Frameworks */,
				CD252EFF13C71DB9002A0AEB /* CoreGraphics.framework in Frameworks */,
			);
			runOnlyForDeploymentPostprocessing = 0;
		};
		CD8BEE5413DAE48A002FC2F9 /* Frameworks */ = {
			isa = PBXFrameworksBuildPhase;
			buildActionMask = 2147483647;
			files = (
				CD8BEE5913DAE48A002FC2F9 /* UIKit.framework in Frameworks */,
				CD8BEE5A13DAE48A002FC2F9 /* Foundation.framework in Frameworks */,
				CD8BEE5B13DAE48A002FC2F9 /* CoreGraphics.framework in Frameworks */,
			);
			runOnlyForDeploymentPostprocessing = 0;
		};
/* End PBXFrameworksBuildPhase section */

/* Begin PBXGroup section */
		CD0E9A83140A9C83003553AB /* PagedOrthoScrollView */ = {
			isa = PBXGroup;
			children = (
				CD0E9A84140A9C83003553AB /* PagedOrthoScrollView.h */,
				CD0E9A85140A9C83003553AB /* PagedOrthoScrollView.m */,
				CD9B4A63140BAF4D0080AB96 /* PagedOrthoScrollViewTest.h */,
				CD9B4A64140BAF4D0080AB96 /* PagedOrthoScrollViewTest.m */,
			);
			path = PagedOrthoScrollView;
			sourceTree = "<group>";
		};
		CD252EEB13C71DB8002A0AEB = {
			isa = PBXGroup;
			children = (
				CDDFF35614506249001F59EE /* NSObject+performSelectorWithArgsArray */,
				CD0E9A83140A9C83003553AB /* PagedOrthoScrollView */,
				CD7B482013F2E80500D7D678 /* WebNavigationViewController */,
				CDF4AD6213F29F6800729A97 /* NSArray+random */,
				CDF4AD5913F1A10800729A97 /* UIColor+hexString */,
				CD8BEE2B13DADF90002FC2F9 /* NSString+colorValue */,
				CD764E6C13D31C2C00204E49 /* NSString+digest */,
				CD764E7013D31C2C00204E49 /* CoreTextLabel */,
				CD764E7713D31C2C00204E49 /* GradientLabel */,
				CD764E8013D31C2C00204E49 /* OptionsTableViewController */,
				CD764E8513D31C2C00204E49 /* SectionsViewController */,
				CD764E8C13D31C2C00204E49 /* RatingSlider */,
				CD764E9C13D31C2C00204E49 /* ObservableHTTPRequest */,
				CD764EA213D31C2C00204E49 /* AudioPlayer */,
				CD764EA813D31C2C00204E49 /* Array2D */,
				CD252F0013C71DB9002A0AEB /* IOSMisc */,
				CD252EF913C71DB9002A0AEB /* Frameworks */,
				CD252EF713C71DB9002A0AEB /* Products */,
			);
			sourceTree = "<group>";
		};
		CD252EF713C71DB9002A0AEB /* Products */ = {
			isa = PBXGroup;
			children = (
				CD252EF613C71DB9002A0AEB /* IOSMisc.app */,
				CD8BEE5813DAE48A002FC2F9 /* IOSMiscTest.octest */,
			);
			name = Products;
			sourceTree = "<group>";
		};
		CD252EF913C71DB9002A0AEB /* Frameworks */ = {
			isa = PBXGroup;
			children = (
				CDDFF36214542C22001F59EE /* QuartzCore.framework */,
				CD764EE113D31DB500204E49 /* AVFoundation.framework */,
				CD764ED713D31CDD00204E49 /* CoreText.framework */,
				CD252EFA13C71DB9002A0AEB /* UIKit.framework */,
				CD252EFC13C71DB9002A0AEB /* Foundation.framework */,
				CD252EFE13C71DB9002A0AEB /* CoreGraphics.framework */,
			);
			name = Frameworks;
			sourceTree = "<group>";
		};
		CD252F0013C71DB9002A0AEB /* IOSMisc */ = {
			isa = PBXGroup;
			children = (
				CD252F0913C71DB9002A0AEB /* IOSMiscAppDelegate.h */,
				CD252F0A13C71DB9002A0AEB /* IOSMiscAppDelegate.m */,
				CD764EE313D33C9300204E49 /* IOSMiscSections.h */,
				CD764EE413D33C9300204E49 /* IOSMiscSections.m */,
				CD764EF213D34B1B00204E49 /* IOSMiscDemoController.h */,
				CD764EF313D34B1B00204E49 /* IOSMiscDemoController.m */,
				CD252F0113C71DB9002A0AEB /* Supporting Files */,
			);
			path = IOSMisc;
			sourceTree = "<group>";
		};
		CD252F0113C71DB9002A0AEB /* Supporting Files */ = {
			isa = PBXGroup;
			children = (
				CD252F0213C71DB9002A0AEB /* IOSMisc-Info.plist */,
				CD252F0313C71DB9002A0AEB /* InfoPlist.strings */,
				CD252F0613C71DB9002A0AEB /* IOSMisc-Prefix.pch */,
				CD252F0713C71DB9002A0AEB /* main.m */,
			);
			name = "Supporting Files";
			sourceTree = "<group>";
		};
		CD764E6C13D31C2C00204E49 /* NSString+digest */ = {
			isa = PBXGroup;
			children = (
				CD764E6D13D31C2C00204E49 /* NSString+digest.h */,
				CD764E6E13D31C2C00204E49 /* NSString+digest.m */,
				CD8BEE6F13DAE72C002FC2F9 /* NSString+digestTest.h */,
				CD8BEE7013DAE72C002FC2F9 /* NSString+digestTest.m */,
			);
			path = "NSString+digest";
			sourceTree = "<group>";
		};
		CD764E7013D31C2C00204E49 /* CoreTextLabel */ = {
			isa = PBXGroup;
			children = (
				CD764E7113D31C2C00204E49 /* CoreTextLabel.h */,
				CD764E7213D31C2C00204E49 /* CoreTextLabel.m */,
				CD764E7413D31C2C00204E49 /* CoreTextLabelTestView.h */,
				CD764E7513D31C2C00204E49 /* CoreTextLabelTestView.m */,
			);
			path = CoreTextLabel;
			sourceTree = "<group>";
		};
		CD764E7713D31C2C00204E49 /* GradientLabel */ = {
			isa = PBXGroup;
			children = (
				CD764E7813D31C2C00204E49 /* GradientLabel.h */,
				CD764E7913D31C2C00204E49 /* GradientLabel.m */,
				CD764E7B13D31C2C00204E49 /* GradientLabelTest.h */,
				CD764E7C13D31C2C00204E49 /* GradientLabelTest.m */,
				CD764E7D13D31C2C00204E49 /* GradientLabelTestView.h */,
				CD764E7E13D31C2C00204E49 /* GradientLabelTestView.m */,
			);
			path = GradientLabel;
			sourceTree = "<group>";
		};
		CD764E8013D31C2C00204E49 /* OptionsTableViewController */ = {
			isa = PBXGroup;
			children = (
				CD764E8113D31C2C00204E49 /* OptionsTableViewController.h */,
				CD764E8213D31C2C00204E49 /* OptionsTableViewController.m */,
			);
			path = OptionsTableViewController;
			sourceTree = "<group>";
		};
		CD764E8513D31C2C00204E49 /* SectionsViewController */ = {
			isa = PBXGroup;
			children = (
				CD764E8713D31C2C00204E49 /* SectionsViewController.h */,
				CD764E8813D31C2C00204E49 /* SectionsViewController.m */,
				CD764E8A13D31C2C00204E49 /* SectionsViewControllerTest.h */,
				CD764E8B13D31C2C00204E49 /* SectionsViewControllerTest.m */,
			);
			path = SectionsViewController;
			sourceTree = "<group>";
		};
		CD764E8C13D31C2C00204E49 /* RatingSlider */ = {
			isa = PBXGroup;
			children = (
				CD764EE613D349F000204E49 /* stars-half@2x.png */,
				CD764EE713D349F000204E49 /* stars-half.png */,
				CD764EE813D349F000204E49 /* stars-full@2x.png */,
				CD764EE913D349F000204E49 /* stars-full.png */,
				CD764EEA13D349F000204E49 /* stars-empty@2x.png */,
				CD764EEB13D349F000204E49 /* stars-empty.png */,
				CD764E8D13D31C2C00204E49 /* RatingSlider.h */,
				CD764E8E13D31C2C00204E49 /* RatingSlider.m */,
				CD764E9013D31C2C00204E49 /* RatingSliderTestView.h */,
				CD764E9113D31C2C00204E49 /* RatingSliderTestView.m */,
			);
			path = RatingSlider;
			sourceTree = "<group>";
		};
		CD764E9C13D31C2C00204E49 /* ObservableHTTPRequest */ = {
			isa = PBXGroup;
			children = (
				CD764E9D13D31C2C00204E49 /* ObservableHTTPRequest.h */,
				CD764E9E13D31C2C00204E49 /* ObservableHTTPRequest.m */,
				CD764E9F13D31C2C00204E49 /* ObservableHTTPRequestTest.h */,
				CD764EA013D31C2C00204E49 /* ObservableHTTPRequestTest.m */,
			);
			path = ObservableHTTPRequest;
			sourceTree = "<group>";
		};
		CD764EA213D31C2C00204E49 /* AudioPlayer */ = {
			isa = PBXGroup;
			children = (
				CD764EA313D31C2C00204E49 /* AudioPlayer.h */,
				CD764EA413D31C2C00204E49 /* AudioPlayer.m */,
				CD764EA513D31C2C00204E49 /* AudioPlayerTest.h */,
				CD764EA613D31C2C00204E49 /* AudioPlayerTest.m */,
			);
			path = AudioPlayer;
			sourceTree = "<group>";
		};
		CD764EA813D31C2C00204E49 /* Array2D */ = {
			isa = PBXGroup;
			children = (
				CD764EA913D31C2C00204E49 /* Array2D.h */,
				CD764EAA13D31C2C00204E49 /* Array2D.m */,
				CD764EAB13D31C2C00204E49 /* Array2DTest.h */,
				CD764EAC13D31C2C00204E49 /* Array2DTest.m */,
			);
			path = Array2D;
			sourceTree = "<group>";
		};
		CD7B482013F2E80500D7D678 /* WebNavigationViewController */ = {
			isa = PBXGroup;
			children = (
				CD7B482113F2E80500D7D678 /* WebNavigationViewController.h */,
				CD7B482213F2E80500D7D678 /* WebNavigationViewController.m */,
				CD7B482413F2E89800D7D678 /* test1.html */,
				CD7B482613F2E8CE00D7D678 /* test2.html */,
			);
			path = WebNavigationViewController;
			sourceTree = "<group>";
		};
		CD8BEE2B13DADF90002FC2F9 /* NSString+colorValue */ = {
			isa = PBXGroup;
			children = (
				CD8BEE2C13DADF90002FC2F9 /* NSString+colorValue.h */,
				CD8BEE2D13DADF90002FC2F9 /* NSString+colorValue.m */,
				CD8BEE6A13DAE541002FC2F9 /* NSString+colorValueTest.h */,
				CD8BEE6B13DAE541002FC2F9 /* NSString+colorValueTest.m */,
			);
			path = "NSString+colorValue";
			sourceTree = "<group>";
		};
		CDDFF35614506249001F59EE /* NSObject+performSelectorWithArgsArray */ = {
			isa = PBXGroup;
			children = (
				CDDFF3581450627A001F59EE /* NSObject+performSelectorWithArgsArray.h */,
				CDDFF3591450627A001F59EE /* NSObject+performSelectorWithArgsArray.m */,
				CDDFF35C145062DE001F59EE /* NSObject+performSelectorWithArgsArrayTest.h */,
				CDDFF35D145062DE001F59EE /* NSObject+performSelectorWithArgsArrayTest.m */,
			);
			path = "NSObject+performSelectorWithArgsArray";
			sourceTree = "<group>";
		};
		CDF4AD5913F1A10800729A97 /* UIColor+hexString */ = {
			isa = PBXGroup;
			children = (
				CDF4AD5A13F1A10800729A97 /* UIColor+hexString.h */,
				CDF4AD5B13F1A10800729A97 /* UIColor+hexString.m */,
				CDF4AD5C13F1A10800729A97 /* UIColor+hexStringTest.h */,
				CDF4AD5D13F1A10800729A97 /* UIColor+hexStringTest.m */,
			);
			path = "UIColor+hexString";
			sourceTree = "<group>";
		};
		CDF4AD6213F29F6800729A97 /* NSArray+random */ = {
			isa = PBXGroup;
			children = (
				CDF4AD6313F29F6800729A97 /* NSArray+random.h */,
				CDF4AD6413F29F6800729A97 /* NSArray+random.m */,
			);
			path = "NSArray+random";
			sourceTree = "<group>";
		};
/* End PBXGroup section */

/* Begin PBXNativeTarget section */
		CD252EF513C71DB9002A0AEB /* IOSMisc */ = {
			isa = PBXNativeTarget;
			buildConfigurationList = CD252F1713C71DB9002A0AEB /* Build configuration list for PBXNativeTarget "IOSMisc" */;
			buildPhases = (
				CD252EF213C71DB9002A0AEB /* Sources */,
				CD252EF313C71DB9002A0AEB /* Frameworks */,
				CD252EF413C71DB9002A0AEB /* Resources */,
			);
			buildRules = (
			);
			dependencies = (
			);
			name = IOSMisc;
			productName = IOSMisc;
			productReference = CD252EF613C71DB9002A0AEB /* IOSMisc.app */;
			productType = "com.apple.product-type.application";
		};
		CD8BEE5713DAE48A002FC2F9 /* IOSMiscTest */ = {
			isa = PBXNativeTarget;
			buildConfigurationList = CD8BEE6713DAE48A002FC2F9 /* Build configuration list for PBXNativeTarget "IOSMiscTest" */;
			buildPhases = (
				CD8BEE5313DAE48A002FC2F9 /* Sources */,
				CD8BEE5413DAE48A002FC2F9 /* Frameworks */,
				CD8BEE5513DAE48A002FC2F9 /* Resources */,
				CD8BEE5613DAE48A002FC2F9 /* ShellScript */,
			);
			buildRules = (
			);
			dependencies = (
			);
			name = IOSMiscTest;
			productName = IOSMiscTest;
			productReference = CD8BEE5813DAE48A002FC2F9 /* IOSMiscTest.octest */;
			productType = "com.apple.product-type.bundle";
		};
/* End PBXNativeTarget section */

/* Begin PBXProject section */
		CD252EED13C71DB8002A0AEB /* Project object */ = {
			isa = PBXProject;
			buildConfigurationList = CD252EF013C71DB8002A0AEB /* Build configuration list for PBXProject "IOSMisc" */;
			compatibilityVersion = "Xcode 3.2";
			developmentRegion = English;
			hasScannedForEncodings = 0;
			knownRegions = (
				en,
			);
			mainGroup = CD252EEB13C71DB8002A0AEB;
			productRefGroup = CD252EF713C71DB9002A0AEB /* Products */;
			projectDirPath = "";
			projectRoot = "";
			targets = (
				CD252EF513C71DB9002A0AEB /* IOSMisc */,
				CD8BEE5713DAE48A002FC2F9 /* IOSMiscTest */,
			);
		};
/* End PBXProject section */

/* Begin PBXResourcesBuildPhase section */
		CD252EF413C71DB9002A0AEB /* Resources */ = {
			isa = PBXResourcesBuildPhase;
			buildActionMask = 2147483647;
			files = (
				CD252F0513C71DB9002A0AEB /* InfoPlist.strings in Resources */,
				CD764EEC13D349F000204E49 /* stars-half@2x.png in Resources */,
				CD764EED13D349F000204E49 /* stars-half.png in Resources */,
				CD764EEE13D349F000204E49 /* stars-full@2x.png in Resources */,
				CD764EEF13D349F000204E49 /* stars-full.png in Resources */,
				CD764EF013D349F000204E49 /* stars-empty@2x.png in Resources */,
				CD764EF113D349F000204E49 /* stars-empty.png in Resources */,
				CD7B482513F2E89800D7D678 /* test1.html in Resources */,
				CD7B482713F2E8CE00D7D678 /* test2.html in Resources */,
			);
			runOnlyForDeploymentPostprocessing = 0;
		};
		CD8BEE5513DAE48A002FC2F9 /* Resources */ = {
			isa = PBXResourcesBuildPhase;
			buildActionMask = 2147483647;
			files = (
			);
			runOnlyForDeploymentPostprocessing = 0;
		};
/* End PBXResourcesBuildPhase section */

/* Begin PBXShellScriptBuildPhase section */
		CD8BEE5613DAE48A002FC2F9 /* ShellScript */ = {
			isa = PBXShellScriptBuildPhase;
			buildActionMask = 2147483647;
			files = (
			);
			inputPaths = (
			);
			outputPaths = (
			);
			runOnlyForDeploymentPostprocessing = 0;
			shellPath = /bin/sh;
			shellScript = "# Run the unit tests in this test bundle.\n\"${SYSTEM_DEVELOPER_DIR}/Tools/RunUnitTests\"\n";
		};
/* End PBXShellScriptBuildPhase section */

/* Begin PBXSourcesBuildPhase section */
		CD252EF213C71DB9002A0AEB /* Sources */ = {
			isa = PBXSourcesBuildPhase;
			buildActionMask = 2147483647;
			files = (
				CD252F0813C71DB9002A0AEB /* main.m in Sources */,
				CD252F0B13C71DB9002A0AEB /* IOSMiscAppDelegate.m in Sources */,
				CD764EAE13D31C2C00204E49 /* NSString+digest.m in Sources */,
				CD764EB013D31C2C00204E49 /* CoreTextLabel.m in Sources */,
				CD764EB213D31C2C00204E49 /* CoreTextLabelTestView.m in Sources */,
				CD764EB413D31C2C00204E49 /* GradientLabel.m in Sources */,
				CD764EB613D31C2C00204E49 /* GradientLabelTest.m in Sources */,
				CD764EB713D31C2C00204E49 /* GradientLabelTestView.m in Sources */,
				CD764EB913D31C2C00204E49 /* OptionsTableViewController.m in Sources */,
				CD764EBD13D31C2C00204E49 /* SectionsViewController.m in Sources */,
				CD764EBF13D31C2C00204E49 /* SectionsViewControllerTest.m in Sources */,
				CD764EC013D31C2C00204E49 /* RatingSlider.m in Sources */,
				CD764EC213D31C2C00204E49 /* RatingSliderTestView.m in Sources */,
				CD764ECD13D31C2C00204E49 /* ObservableHTTPRequest.m in Sources */,
				CD764ECE13D31C2C00204E49 /* ObservableHTTPRequestTest.m in Sources */,
				CD764ED013D31C2C00204E49 /* AudioPlayer.m in Sources */,
				CD764ED113D31C2C00204E49 /* AudioPlayerTest.m in Sources */,
				CD764ED313D31C2C00204E49 /* Array2D.m in Sources */,
				CD764ED413D31C2C00204E49 /* Array2DTest.m in Sources */,
				CD764EE513D33C9300204E49 /* IOSMiscSections.m in Sources */,
				CD764EF413D34B1B00204E49 /* IOSMiscDemoController.m in Sources */,
				CD8BEE2E13DADF90002FC2F9 /* NSString+colorValue.m in Sources */,
				CDF4AD5E13F1A10800729A97 /* UIColor+hexString.m in Sources */,
				CDF4AD6D13F29F6900729A97 /* NSArray+random.m in Sources */,
				CD7B482313F2E80500D7D678 /* WebNavigationViewController.m in Sources */,
				CD0E9A86140A9C83003553AB /* PagedOrthoScrollView.m in Sources */,
				CD9B4A65140BAF4D0080AB96 /* PagedOrthoScrollViewTest.m in Sources */,
				CDDFF35A1450627A001F59EE /* NSObject+performSelectorWithArgsArray.m in Sources */,
			);
			runOnlyForDeploymentPostprocessing = 0;
		};
		CD8BEE5313DAE48A002FC2F9 /* Sources */ = {
			isa = PBXSourcesBuildPhase;
			buildActionMask = 2147483647;
			files = (
				CD8BEE6D13DAE558002FC2F9 /* NSString+colorValueTest.m in Sources */,
				CD8BEE6E13DAE631002FC2F9 /* NSString+colorValue.m in Sources */,
				CD8BEE7113DAE72C002FC2F9 /* NSString+digestTest.m in Sources */,
				CD9DC2C713F1884400B9E7EF /* NSString+digest.m in Sources */,
				CDF4AD6013F1A10E00729A97 /* UIColor+hexString.m in Sources */,
				CDF4AD6113F1A11100729A97 /* UIColor+hexStringTest.m in Sources */,
				CDDFF35B1450627A001F59EE /* NSObject+performSelectorWithArgsArray.m in Sources */,
				CDDFF35E145062DE001F59EE /* NSObject+performSelectorWithArgsArrayTest.m in Sources */,
			);
			runOnlyForDeploymentPostprocessing = 0;
		};
/* End PBXSourcesBuildPhase section */

/* Begin PBXVariantGroup section */
		CD252F0313C71DB9002A0AEB /* InfoPlist.strings */ = {
			isa = PBXVariantGroup;
			children = (
				CD252F0413C71DB9002A0AEB /* en */,
			);
			name = InfoPlist.strings;
			sourceTree = "<group>";
		};
/* End PBXVariantGroup section */

/* Begin XCBuildConfiguration section */
		CD252F1513C71DB9002A0AEB /* Debug */ = {
			isa = XCBuildConfiguration;
			buildSettings = {
				ARCHS = "$(ARCHS_STANDARD_32_BIT)";
				"CODE_SIGN_IDENTITY[sdk=iphoneos*]" = "iPhone Developer";
				GCC_C_LANGUAGE_STANDARD = gnu99;
				GCC_OPTIMIZATION_LEVEL = 0;
				GCC_PREPROCESSOR_DEFINITIONS = DEBUG;
				GCC_SYMBOLS_PRIVATE_EXTERN = NO;
				GCC_VERSION = com.apple.compilers.llvmgcc42;
				GCC_WARN_ABOUT_RETURN_TYPE = YES;
				GCC_WARN_UNUSED_VARIABLE = YES;
				IPHONEOS_DEPLOYMENT_TARGET = 4.0;
				SDKROOT = iphoneos;
			};
			name = Debug;
		};
		CD252F1613C71DB9002A0AEB /* Release */ = {
			isa = XCBuildConfiguration;
			buildSettings = {
				ARCHS = "$(ARCHS_STANDARD_32_BIT)";
				"CODE_SIGN_IDENTITY[sdk=iphoneos*]" = "iPhone Developer";
				GCC_C_LANGUAGE_STANDARD = gnu99;
				GCC_VERSION = com.apple.compilers.llvmgcc42;
				GCC_WARN_ABOUT_RETURN_TYPE = YES;
				GCC_WARN_UNUSED_VARIABLE = YES;
				IPHONEOS_DEPLOYMENT_TARGET = 4.0;
				OTHER_CFLAGS = "-DNS_BLOCK_ASSERTIONS=1";
				SDKROOT = iphoneos;
			};
			name = Release;
		};
		CD252F1813C71DB9002A0AEB /* Debug */ = {
			isa = XCBuildConfiguration;
			buildSettings = {
				ALWAYS_SEARCH_USER_PATHS = NO;
				COPY_PHASE_STRIP = NO;
				GCC_DYNAMIC_NO_PIC = NO;
				GCC_PRECOMPILE_PREFIX_HEADER = YES;
				GCC_PREFIX_HEADER = "IOSMisc/IOSMisc-Prefix.pch";
				GCC_PREPROCESSOR_DEFINITIONS = DEBUG;
				INFOPLIST_FILE = "IOSMisc/IOSMisc-Info.plist";
				PRODUCT_NAME = IOSMisc;
				WRAPPER_EXTENSION = app;
			};
			name = Debug;
		};
		CD252F1913C71DB9002A0AEB /* Release */ = {
			isa = XCBuildConfiguration;
			buildSettings = {
				ALWAYS_SEARCH_USER_PATHS = NO;
				COPY_PHASE_STRIP = YES;
				GCC_PRECOMPILE_PREFIX_HEADER = YES;
				GCC_PREFIX_HEADER = "IOSMisc/IOSMisc-Prefix.pch";
				INFOPLIST_FILE = "IOSMisc/IOSMisc-Info.plist";
				PRODUCT_NAME = IOSMisc;
				VALIDATE_PRODUCT = YES;
				WRAPPER_EXTENSION = app;
			};
			name = Release;
		};
		CD8BEE6813DAE48A002FC2F9 /* Debug */ = {
			isa = XCBuildConfiguration;
			buildSettings = {
				ALWAYS_SEARCH_USER_PATHS = NO;
				FRAMEWORK_SEARCH_PATHS = (
					"$(SDKROOT)/Developer/Library/Frameworks",
					"$(DEVELOPER_LIBRARY_DIR)/Frameworks",
				);
				GCC_PRECOMPILE_PREFIX_HEADER = YES;
				GCC_PREFIX_HEADER = "IOSMisc/IOSMisc-Prefix.pch";
				INFOPLIST_FILE = "IOSMisc/IOSMisc-Info.plist";
				OTHER_LDFLAGS = (
					"-framework",
					SenTestingKit,
				);
				PRODUCT_NAME = "$(TARGET_NAME)";
				WRAPPER_EXTENSION = octest;
			};
			name = Debug;
		};
		CD8BEE6913DAE48A002FC2F9 /* Release */ = {
			isa = XCBuildConfiguration;
			buildSettings = {
				ALWAYS_SEARCH_USER_PATHS = NO;
				FRAMEWORK_SEARCH_PATHS = (
					"$(SDKROOT)/Developer/Library/Frameworks",
					"$(DEVELOPER_LIBRARY_DIR)/Frameworks",
				);
				GCC_PRECOMPILE_PREFIX_HEADER = YES;
				GCC_PREFIX_HEADER = "IOSMisc/IOSMisc-Prefix.pch";
				INFOPLIST_FILE = "IOSMisc/IOSMisc-Info.plist";
				OTHER_LDFLAGS = (
					"-framework",
					SenTestingKit,
				);
				PRODUCT_NAME = "$(TARGET_NAME)";
				WRAPPER_EXTENSION = octest;
			};
			name = Release;
		};
/* End XCBuildConfiguration section */

/* Begin XCConfigurationList section */
		CD252EF013C71DB8002A0AEB /* Build configuration list for PBXProject "IOSMisc" */ = {
			isa = XCConfigurationList;
			buildConfigurations = (
				CD252F1513C71DB9002A0AEB /* Debug */,
				CD252F1613C71DB9002A0AEB /* Release */,
			);
			defaultConfigurationIsVisible = 0;
			defaultConfigurationName = Release;
		};
		CD252F1713C71DB9002A0AEB /* Build configuration list for PBXNativeTarget "IOSMisc" */ = {
			isa = XCConfigurationList;
			buildConfigurations = (
				CD252F1813C71DB9002A0AEB /* Debug */,
				CD252F1913C71DB9002A0AEB /* Release */,
			);
			defaultConfigurationIsVisible = 0;
			defaultConfigurationName = Release;
		};
		CD8BEE6713DAE48A002FC2F9 /* Build configuration list for PBXNativeTarget "IOSMiscTest" */ = {
			isa = XCConfigurationList;
			buildConfigurations = (
				CD8BEE6813DAE48A002FC2F9 /* Debug */,
				CD8BEE6913DAE48A002FC2F9 /* Release */,
			);
			defaultConfigurationIsVisible = 0;
			defaultConfigurationName = Release;
		};
/* End XCConfigurationList section */
	};
	rootObject = CD252EED13C71DB8002A0AEB /* Project object */;
}
